// !$*UTF8*$!
{
	archiveVersion = 1;
	classes = {
	};
	objectVersion = 77;
	objects = {

/* Begin PBXContainerItemProxy section */
		8B4660EB2F9265EA00EAF93E /* PBXContainerItemProxy */ = {
			isa = PBXContainerItemProxy;
			containerPortal = 8B4660D52F9265E800EAF93E /* Project object */;
			proxyType = 1;
			remoteGlobalIDString = 8B4660DC2F9265E800EAF93E;
			remoteInfo = iFans;
		};
		8B4660F52F9265EA00EAF93E /* PBXContainerItemProxy */ = {
			isa = PBXContainerItemProxy;
			containerPortal = 8B4660D52F9265E800EAF93E /* Project object */;
			proxyType = 1;
			remoteGlobalIDString = 8B4660DC2F9265E800EAF93E;
			remoteInfo = iFans;
		};
/* End PBXContainerItemProxy section */

/* Begin PBXFileReference section */
		8B4660DD2F9265E800EAF93E /* oh fans.app */ = {isa = PBXFileReference; explicitFileType = wrapper.application; includeInIndex = 0; path = "oh fans.app"; sourceTree = BUILT_PRODUCTS_DIR; };
		8B4660EA2F9265EA00EAF93E /* iFansTests.xctest */ = {isa = PBXFileReference; explicitFileType = wrapper.cfbundle; includeInIndex = 0; path = iFansTests.xctest; sourceTree = BUILT_PRODUCTS_DIR; };
		8B4660F42F9265EA00EAF93E /* iFansUITests.xctest */ = {isa = PBXFileReference; explicitFileType = wrapper.cfbundle; includeInIndex = 0; path = iFansUITests.xctest; sourceTree = BUILT_PRODUCTS_DIR; };
/* End PBXFileReference section */

/* Begin PBXFileSystemSynchronizedRootGroup section */
		8B4660DF2F9265E800EAF93E /* iFans */ = {
			isa = PBXFileSystemSynchronizedRootGroup;
			path = iFans;
			sourceTree = "<group>";
		};
		8B4660ED2F9265EA00EAF93E /* iFansTests */ = {
			isa = PBXFileSystemSynchronizedRootGroup;
			path = iFansTests;
			sourceTree = "<group>";
		};
		8B4660F72F9265EA00EAF93E /* iFansUITests */ = {
			isa = PBXFileSystemSynchronizedRootGroup;
			path = iFansUITests;
			sourceTree = "<group>";
		};
/* End PBXFileSystemSynchronizedRootGroup section */

/* Begin PBXFrameworksBuildPhase section */
		8B4660DA2F9265E800EAF93E /* Frameworks */ = {
			isa = PBXFrameworksBuildPhase;
			buildActionMask = 2147483647;
			files = (
			);
			runOnlyForDeploymentPostprocessing = 0;
		};
		8B4660E72F9265EA00EAF93E /* Frameworks */ = {
			isa = PBXFrameworksBuildPhase;
			buildActionMask = 2147483647;
			files = (
			);
			runOnlyForDeploymentPostprocessing = 0;
		};
		8B4660F12F9265EA00EAF93E /* Frameworks */ = {
			isa = PBXFrameworksBuildPhase;
			buildActionMask = 2147483647;
			files = (
			);
			runOnlyForDeploymentPostprocessing = 0;
		};
/* End PBXFrameworksBuildPhase section */

/* Begin PBXGroup section */
		8B4660D42F9265E800EAF93E = {
			isa = PBXGroup;
			children = (
				8B4660DF2F9265E800EAF93E /* iFans */,
				8B4660ED2F9265EA00EAF93E /* iFansTests */,
				8B4660F72F9265EA00EAF93E /* iFansUITests */,
				8B4660DE2F9265E800EAF93E /* Products */,
			);
			sourceTree = "<group>";
		};
		8B4660DE2F9265E800EAF93E /* Products */ = {
			isa = PBXGroup;
			children = (
				8B4660DD2F9265E800EAF93E /* oh fans.app */,
				8B4660EA2F9265EA00EAF93E /* iFansTests.xctest */,
				8B4660F42F9265EA00EAF93E /* iFansUITests.xctest */,
			);
			name = Products;
			sourceTree = "<group>";
		};
/* End PBXGroup section */

/* Begin PBXNativeTarget section */
		8B4660DC2F9265E800EAF93E /* iFans */ = {
			isa = PBXNativeTarget;
			buildConfigurationList = 8B4660FE2F9265EA00EAF93E /* Build configuration list for PBXNativeTarget "iFans" */;
			buildPhases = (
				8B4660D92F9265E800EAF93E /* Sources */,
				8B4660DA2F9265E800EAF93E /* Frameworks */,
				8B9A1C012F92700100EAF93E /* Bundle Helper Installer */,
				8B4660DB2F9265E800EAF93E /* Resources */,
			);
			buildRules = (
			);
			dependencies = (
			);
			fileSystemSynchronizedGroups = (
				8B4660DF2F9265E800EAF93E /* iFans */,
			);
			name = iFans;
			packageProductDependencies = (
			);
			productName = iFans;
			productReference = 8B4660DD2F9265E800EAF93E /* oh fans.app */;
			productType = "com.apple.product-type.application";
		};
		8B4660E92F9265EA00EAF93E /* iFansTests */ = {
			isa = PBXNativeTarget;
			buildConfigurationList = 8B4661012F9265EA00EAF93E /* Build configuration list for PBXNativeTarget "iFansTests" */;
			buildPhases = (
				8B4660E62F9265EA00EAF93E /* Sources */,
				8B4660E72F9265EA00EAF93E /* Frameworks */,
				8B4660E82F9265EA00EAF93E /* Resources */,
			);
			buildRules = (
			);
			dependencies = (
				8B4660EC2F9265EA00EAF93E /* PBXTargetDependency */,
			);
			fileSystemSynchronizedGroups = (
				8B4660ED2F9265EA00EAF93E /* iFansTests */,
			);
			name = iFansTests;
			packageProductDependencies = (
			);
			productName = iFansTests;
			productReference = 8B4660EA2F9265EA00EAF93E /* iFansTests.xctest */;
			productType = "com.apple.product-type.bundle.unit-test";
		};
		8B4660F32F9265EA00EAF93E /* iFansUITests */ = {
			isa = PBXNativeTarget;
			buildConfigurationList = 8B4661042F9265EA00EAF93E /* Build configuration list for PBXNativeTarget "iFansUITests" */;
			buildPhases = (
				8B4660F02F9265EA00EAF93E /* Sources */,
				8B4660F12F9265EA00EAF93E /* Frameworks */,
				8B4660F22F9265EA00EAF93E /* Resources */,
			);
			buildRules = (
			);
			dependencies = (
				8B4660F62F9265EA00EAF93E /* PBXTargetDependency */,
			);
			fileSystemSynchronizedGroups = (
				8B4660F72F9265EA00EAF93E /* iFansUITests */,
			);
			name = iFansUITests;
			packageProductDependencies = (
			);
			productName = iFansUITests;
			productReference = 8B4660F42F9265EA00EAF93E /* iFansUITests.xctest */;
			productType = "com.apple.product-type.bundle.ui-testing";
		};
/* End PBXNativeTarget section */

/* Begin PBXProject section */
		8B4660D52F9265E800EAF93E /* Project object */ = {
			isa = PBXProject;
			attributes = {
				BuildIndependentTargetsInParallel = 1;
				LastSwiftUpdateCheck = 2640;
				LastUpgradeCheck = 2640;
				TargetAttributes = {
					8B4660DC2F9265E800EAF93E = {
						CreatedOnToolsVersion = 26.4.1;
					};
					8B4660E92F9265EA00EAF93E = {
						CreatedOnToolsVersion = 26.4.1;
						TestTargetID = 8B4660DC2F9265E800EAF93E;
					};
					8B4660F32F9265EA00EAF93E = {
						CreatedOnToolsVersion = 26.4.1;
						TestTargetID = 8B4660DC2F9265E800EAF93E;
					};
				};
			};
			buildConfigurationList = 8B4660D82F9265E800EAF93E /* Build configuration list for PBXProject "iFans" */;
			developmentRegion = en;
			hasScannedForEncodings = 0;
			knownRegions = (
				en,
				Base,
			);
			mainGroup = 8B4660D42F9265E800EAF93E;
			minimizedProjectReferenceProxies = 1;
			preferredProjectObjectVersion = 77;
			productRefGroup = 8B4660DE2F9265E800EAF93E /* Products */;
			projectDirPath = "";
			projectRoot = "";
			targets = (
				8B4660DC2F9265E800EAF93E /* iFans */,
				8B4660E92F9265EA00EAF93E /* iFansTests */,
				8B4660F32F9265EA00EAF93E /* iFansUITests */,
			);
		};
/* End PBXProject section */

/* Begin PBXResourcesBuildPhase section */
		8B4660DB2F9265E800EAF93E /* Resources */ = {
			isa = PBXResourcesBuildPhase;
			buildActionMask = 2147483647;
			files = (
			);
			runOnlyForDeploymentPostprocessing = 0;
		};
		8B4660E82F9265EA00EAF93E /* Resources */ = {
			isa = PBXResourcesBuildPhase;
			buildActionMask = 2147483647;
			files = (
			);
			runOnlyForDeploymentPostprocessing = 0;
		};
		8B4660F22F9265EA00EAF93E /* Resources */ = {
			isa = PBXResourcesBuildPhase;
			buildActionMask = 2147483647;
			files = (
			);
			runOnlyForDeploymentPostprocessing = 0;
		};
/* End PBXResourcesBuildPhase section */

/* Begin PBXShellScriptBuildPhase section */
		8B9A1C012F92700100EAF93E /* Bundle Helper Installer */ = {
			isa = PBXShellScriptBuildPhase;
			alwaysOutOfDate = 1;
			buildActionMask = 2147483647;
			files = (
			);
			inputFileListPaths = (
			);
			inputPaths = (
				"$(SRCROOT)/script/prepare_helper_bundle.sh",
				"$(SRCROOT)/script/install_helper_bundle.sh",
				"$(SRCROOT)/helper/PrivilegedHelperMain.swift",
				"$(SRCROOT)/iFans/Hardware/PrivilegedHelperBridge.swift",
				"$(SRCROOT)/iFans/Hardware/SMCBridge.swift",
				"$(SRCROOT)/iFans/Hardware/SMCBridgeBackend.h",
				"$(SRCROOT)/iFans/Hardware/SMCBridgeBackend.c",
				"$(SRCROOT)/iFans/Models/FanControlModels.swift",
			);
			name = "Bundle Helper Installer";
			outputFileListPaths = (
			);
			outputPaths = (
				"$(TARGET_BUILD_DIR)/$(UNLOCALIZED_RESOURCES_FOLDER_PATH)/HelperInstaller/install_helper.sh",
				"$(TARGET_BUILD_DIR)/$(UNLOCALIZED_RESOURCES_FOLDER_PATH)/HelperInstaller/helper/com.sobigrice.iFans.helper",
				"$(TARGET_BUILD_DIR)/$(UNLOCALIZED_RESOURCES_FOLDER_PATH)/HelperInstaller/helper/com.sobigrice.iFans.helper.plist",
			);
			runOnlyForDeploymentPostprocessing = 0;
			shellPath = /bin/zsh;
			shellScript = "\"${SRCROOT}/script/prepare_helper_bundle.sh\" \"${TARGET_BUILD_DIR}/${UNLOCALIZED_RESOURCES_FOLDER_PATH}/HelperInstaller\"\n";
		};
/* End PBXShellScriptBuildPhase section */

/* Begin PBXSourcesBuildPhase section */
		8B4660D92F9265E800EAF93E /* Sources */ = {
			isa = PBXSourcesBuildPhase;
			buildActionMask = 2147483647;
			files = (
			);
			runOnlyForDeploymentPostprocessing = 0;
		};
		8B4660E62F9265EA00EAF93E /* Sources */ = {
			isa = PBXSourcesBuildPhase;
			buildActionMask = 2147483647;
			files = (
			);
			runOnlyForDeploymentPostprocessing = 0;
		};
		8B4660F02F9265EA00EAF93E /* Sources */ = {
			isa = PBXSourcesBuildPhase;
			buildActionMask = 2147483647;
			files = (
			);
			runOnlyForDeploymentPostprocessing = 0;
		};
/* End PBXSourcesBuildPhase section */

/* Begin PBXTargetDependency section */
		8B4660EC2F9265EA00EAF93E /* PBXTargetDependency */ = {
			isa = PBXTargetDependency;
			target = 8B4660DC2F9265E800EAF93E /* iFans */;
			targetProxy = 8B4660EB2F9265EA00EAF93E /* PBXContainerItemProxy */;
		};
		8B4660F62F9265EA00EAF93E /* PBXTargetDependency */ = {
			isa = PBXTargetDependency;
			target = 8B4660DC2F9265E800EAF93E /* iFans */;
			targetProxy = 8B4660F52F9265EA00EAF93E /* PBXContainerItemProxy */;
		};
/* End PBXTargetDependency section */

/* Begin XCBuildConfiguration section */
		8B4660FC2F9265EA00EAF93E /* Debug */ = {
			isa = XCBuildConfiguration;
			buildSettings = {
				ALWAYS_SEARCH_USER_PATHS = NO;
				ASSETCATALOG_COMPILER_GENERATE_SWIFT_ASSET_SYMBOL_EXTENSIONS = YES;
				CLANG_ANALYZER_NONNULL = YES;
				CLANG_ANALYZER_NUMBER_OBJECT_CONVERSION = YES_AGGRESSIVE;
				CLANG_CXX_LANGUAGE_STANDARD = "gnu++20";
				CLANG_ENABLE_MODULES = YES;
				CLANG_ENABLE_OBJC_ARC = YES;
				CLANG_ENABLE_OBJC_WEAK = YES;
				CLANG_WARN_BLOCK_CAPTURE_AUTORELEASING = YES;
				CLANG_WARN_BOOL_CONVERSION = YES;
				CLANG_WARN_COMMA = YES;
				CLANG_WARN_CONSTANT_CONVERSION = YES;
				CLANG_WARN_DEPRECATED_OBJC_IMPLEMENTATIONS = YES;
				CLANG_WARN_DIRECT_OBJC_ISA_USAGE = YES_ERROR;
				CLANG_WARN_DOCUMENTATION_COMMENTS = YES;
				CLANG_WARN_EMPTY_BODY = YES;
				CLANG_WARN_ENUM_CONVERSION = YES;
				CLANG_WARN_INFINITE_RECURSION = YES;
				CLANG_WARN_INT_CONVERSION = YES;
				CLANG_WARN_NON_LITERAL_NULL_CONVERSION = YES;
				CLANG_WARN_OBJC_IMPLICIT_RETAIN_SELF = YES;
				CLANG_WARN_OBJC_LITERAL_CONVERSION = YES;
				CLANG_WARN_OBJC_ROOT_CLASS = YES_ERROR;
				CLANG_WARN_QUOTED_INCLUDE_IN_FRAMEWORK_HEADER = YES;
				CLANG_WARN_RANGE_LOOP_ANALYSIS = YES;
				CLANG_WARN_STRICT_PROTOTYPES = YES;
				CLANG_WARN_SUSPICIOUS_MOVE = YES;
				CLANG_WARN_UNGUARDED_AVAILABILITY = YES_AGGRESSIVE;
				CLANG_WARN_UNREACHABLE_CODE = YES;
				CLANG_WARN__DUPLICATE_METHOD_MATCH = YES;
				COPY_PHASE_STRIP = NO;
				DEBUG_INFORMATION_FORMAT = dwarf;
				ENABLE_STRICT_OBJC_MSGSEND = YES;
				ENABLE_TESTABILITY = YES;
				ENABLE_USER_SCRIPT_SANDBOXING = YES;
				GCC_C_LANGUAGE_STANDARD = gnu17;
				GCC_DYNAMIC_NO_PIC = NO;
				GCC_NO_COMMON_BLOCKS = YES;
				GCC_OPTIMIZATION_LEVEL = 0;
				GCC_PREPROCESSOR_DEFINITIONS = (
					"DEBUG=1",
					"$(inherited)",
				);
				GCC_WARN_64_TO_32_BIT_CONVERSION = YES;
				GCC_WARN_ABOUT_RETURN_TYPE = YES_ERROR;
				GCC_WARN_UNDECLARED_SELECTOR = YES;
				GCC_WARN_UNINITIALIZED_AUTOS = YES_AGGRESSIVE;
				GCC_WARN_UNUSED_FUNCTION = YES;
				GCC_WARN_UNUSED_VARIABLE = YES;
				LOCALIZATION_PREFERS_STRING_CATALOGS = YES;
				MACOSX_DEPLOYMENT_TARGET = 26.4;
				MTL_ENABLE_DEBUG_INFO = INCLUDE_SOURCE;
				MTL_FAST_MATH = YES;
				ONLY_ACTIVE_ARCH = YES;
				SDKROOT = macosx;
				SWIFT_ACTIVE_COMPILATION_CONDITIONS = "DEBUG $(inherited)";
				SWIFT_OPTIMIZATION_LEVEL = "-Onone";
			};
			name = Debug;
		};
		8B4660FD2F9265EA00EAF93E /* Release */ = {
			isa = XCBuildConfiguration;
			buildSettings = {
				ALWAYS_SEARCH_USER_PATHS = NO;
				ASSETCATALOG_COMPILER_GENERATE_SWIFT_ASSET_SYMBOL_EXTENSIONS = YES;
				CLANG_ANALYZER_NONNULL = YES;
				CLANG_ANALYZER_NUMBER_OBJECT_CONVERSION = YES_AGGRESSIVE;
				CLANG_CXX_LANGUAGE_STANDARD = "gnu++20";
				CLANG_ENABLE_MODULES = YES;
				CLANG_ENABLE_OBJC_ARC = YES;
				CLANG_ENABLE_OBJC_WEAK = YES;
				CLANG_WARN_BLOCK_CAPTURE_AUTORELEASING = YES;
				CLANG_WARN_BOOL_CONVERSION = YES;
				CLANG_WARN_COMMA = YES;
				CLANG_WARN_CONSTANT_CONVERSION = YES;
				CLANG_WARN_DEPRECATED_OBJC_IMPLEMENTATIONS = YES;
				CLANG_WARN_DIRECT_OBJC_ISA_USAGE = YES_ERROR;
				CLANG_WARN_DOCUMENTATION_COMMENTS = YES;
				CLANG_WARN_EMPTY_BODY = YES;
				CLANG_WARN_ENUM_CONVERSION = YES;
				CLANG_WARN_INFINITE_RECURSION = YES;
				CLANG_WARN_INT_CONVERSION = YES;
				CLANG_WARN_NON_LITERAL_NULL_CONVERSION = YES;
				CLANG_WARN_OBJC_IMPLICIT_RETAIN_SELF = YES;
				CLANG_WARN_OBJC_LITERAL_CONVERSION = YES;
				CLANG_WARN_OBJC_ROOT_CLASS = YES_ERROR;
				CLANG_WARN_QUOTED_INCLUDE_IN_FRAMEWORK_HEADER = YES;
				CLANG_WARN_RANGE_LOOP_ANALYSIS = YES;
				CLANG_WARN_STRICT_PROTOTYPES = YES;
				CLANG_WARN_SUSPICIOUS_MOVE = YES;
				CLANG_WARN_UNGUARDED_AVAILABILITY = YES_AGGRESSIVE;
				CLANG_WARN_UNREACHABLE_CODE = YES;
				CLANG_WARN__DUPLICATE_METHOD_MATCH = YES;
				COPY_PHASE_STRIP = NO;
				DEBUG_INFORMATION_FORMAT = "dwarf-with-dsym";
				ENABLE_NS_ASSERTIONS = NO;
				ENABLE_STRICT_OBJC_MSGSEND = YES;
				ENABLE_USER_SCRIPT_SANDBOXING = YES;
				GCC_C_LANGUAGE_STANDARD = gnu17;
				GCC_NO_COMMON_BLOCKS = YES;
				GCC_WARN_64_TO_32_BIT_CONVERSION = YES;
				GCC_WARN_ABOUT_RETURN_TYPE = YES_ERROR;
				GCC_WARN_UNDECLARED_SELECTOR = YES;
				GCC_WARN_UNINITIALIZED_AUTOS = YES_AGGRESSIVE;
				GCC_WARN_UNUSED_FUNCTION = YES;
				GCC_WARN_UNUSED_VARIABLE = YES;
				LOCALIZATION_PREFERS_STRING_CATALOGS = YES;
				MACOSX_DEPLOYMENT_TARGET = 26.4;
				MTL_ENABLE_DEBUG_INFO = NO;
				MTL_FAST_MATH = YES;
				SDKROOT = macosx;
				SWIFT_COMPILATION_MODE = wholemodule;
			};
			name = Release;
		};
		8B4660FF2F9265EA00EAF93E /* Debug */ = {
			isa = XCBuildConfiguration;
			buildSettings = {
				ASSETCATALOG_COMPILER_APPICON_NAME = AppIcon;
				ASSETCATALOG_COMPILER_GLOBAL_ACCENT_COLOR_NAME = AccentColor;
				CODE_SIGN_STYLE = Automatic;
				COMBINE_HIDPI_IMAGES = YES;
				CURRENT_PROJECT_VERSION = 1;
				ENABLE_APP_SANDBOX = NO;
				ENABLE_HARDENED_RUNTIME = YES;
				ENABLE_PREVIEWS = YES;
				ENABLE_USER_SELECTED_FILES = NO;
				GENERATE_INFOPLIST_FILE = YES;
				INFOPLIST_KEY_CFBundleDisplayName = "oh fans";
				INFOPLIST_KEY_CFBundleName = "oh fans";
				INFOPLIST_KEY_NSHumanReadableCopyright = "";
				LD_RUNPATH_SEARCH_PATHS = (
					"$(inherited)",
					"@executable_path/../Frameworks",
				);
				MARKETING_VERSION = 1.0;
				PRODUCT_BUNDLE_IDENTIFIER = com.sobigrice.ohFans;
				PRODUCT_MODULE_NAME = iFans;
				PRODUCT_NAME = "oh fans";
				REGISTER_APP_GROUPS = YES;
				STRING_CATALOG_GENERATE_SYMBOLS = YES;
				SWIFT_APPROACHABLE_CONCURRENCY = YES;
				SWIFT_DEFAULT_ACTOR_ISOLATION = MainActor;
				SWIFT_EMIT_LOC_STRINGS = YES;
				SWIFT_OBJC_BRIDGING_HEADER = iFans/Hardware/SMCBridgeBackend.h;
				SWIFT_UPCOMING_FEATURE_MEMBER_IMPORT_VISIBILITY = YES;
				SWIFT_VERSION = 5.0;
			};
			name = Debug;
		};
		8B4661002F9265EA00EAF93E /* Release */ = {
			isa = XCBuildConfiguration;
			buildSettings = {
				ASSETCATALOG_COMPILER_APPICON_NAME = AppIcon;
				ASSETCATALOG_COMPILER_GLOBAL_ACCENT_COLOR_NAME = AccentColor;
				CODE_SIGN_STYLE = Automatic;
				COMBINE_HIDPI_IMAGES = YES;
				CURRENT_PROJECT_VERSION = 1;
				ENABLE_APP_SANDBOX = NO;
				ENABLE_HARDENED_RUNTIME = YES;
				ENABLE_PREVIEWS = YES;
				ENABLE_USER_SELECTED_FILES = NO;
				GENERATE_INFOPLIST_FILE = YES;
				INFOPLIST_KEY_CFBundleDisplayName = "oh fans";
				INFOPLIST_KEY_CFBundleName = "oh fans";
				INFOPLIST_KEY_NSHumanReadableCopyright = "";
				LD_RUNPATH_SEARCH_PATHS = (
					"$(inherited)",
					"@executable_path/../Frameworks",
				);
				MARKETING_VERSION = 1.0;
				PRODUCT_BUNDLE_IDENTIFIER = com.sobigrice.ohFans;
				PRODUCT_MODULE_NAME = iFans;
				PRODUCT_NAME = "oh fans";
				REGISTER_APP_GROUPS = YES;
				STRING_CATALOG_GENERATE_SYMBOLS = YES;
				SWIFT_APPROACHABLE_CONCURRENCY = YES;
				SWIFT_DEFAULT_ACTOR_ISOLATION = MainActor;
				SWIFT_EMIT_LOC_STRINGS = YES;
				SWIFT_OBJC_BRIDGING_HEADER = iFans/Hardware/SMCBridgeBackend.h;
				SWIFT_UPCOMING_FEATURE_MEMBER_IMPORT_VISIBILITY = YES;
				SWIFT_VERSION = 5.0;
			};
			name = Release;
		};
		8B4661022F9265EA00EAF93E /* Debug */ = {
			isa = XCBuildConfiguration;
			buildSettings = {
				BUNDLE_LOADER = "$(TEST_HOST)";
				CODE_SIGN_STYLE = Automatic;
				CURRENT_PROJECT_VERSION = 1;
				GENERATE_INFOPLIST_FILE = YES;
				MACOSX_DEPLOYMENT_TARGET = 26.4;
				MARKETING_VERSION = 1.0;
				PRODUCT_BUNDLE_IDENTIFIER = com.sobigrice.iFansTests;
				PRODUCT_NAME = "$(TARGET_NAME)";
				STRING_CATALOG_GENERATE_SYMBOLS = NO;
				SWIFT_APPROACHABLE_CONCURRENCY = YES;
				SWIFT_EMIT_LOC_STRINGS = NO;
				SWIFT_UPCOMING_FEATURE_MEMBER_IMPORT_VISIBILITY = YES;
				SWIFT_VERSION = 5.0;
				TEST_HOST = "$(BUILT_PRODUCTS_DIR)/oh fans.app/$(BUNDLE_EXECUTABLE_FOLDER_PATH)/oh fans";
			};
			name = Debug;
		};
		8B4661032F9265EA00EAF93E /* Release */ = {
			isa = XCBuildConfiguration;
			buildSettings = {
				BUNDLE_LOADER = "$(TEST_HOST)";
				CODE_SIGN_STYLE = Automatic;
				CURRENT_PROJECT_VERSION = 1;
				GENERATE_INFOPLIST_FILE = YES;
				MACOSX_DEPLOYMENT_TARGET = 26.4;
				MARKETING_VERSION = 1.0;
				PRODUCT_BUNDLE_IDENTIFIER = com.sobigrice.iFansTests;
				PRODUCT_NAME = "$(TARGET_NAME)";
				STRING_CATALOG_GENERATE_SYMBOLS = NO;
				SWIFT_APPROACHABLE_CONCURRENCY = YES;
				SWIFT_EMIT_LOC_STRINGS = NO;
				SWIFT_UPCOMING_FEATURE_MEMBER_IMPORT_VISIBILITY = YES;
				SWIFT_VERSION = 5.0;
				TEST_HOST = "$(BUILT_PRODUCTS_DIR)/oh fans.app/$(BUNDLE_EXECUTABLE_FOLDER_PATH)/oh fans";
			};
			name = Release;
		};
		8B4661052F9265EA00EAF93E /* Debug */ = {
			isa = XCBuildConfiguration;
			buildSettings = {
				CODE_SIGN_STYLE = Automatic;
				CURRENT_PROJECT_VERSION = 1;
				GENERATE_INFOPLIST_FILE = YES;
				MARKETING_VERSION = 1.0;
				PRODUCT_BUNDLE_IDENTIFIER = com.sobigrice.iFansUITests;
				PRODUCT_NAME = "$(TARGET_NAME)";
				STRING_CATALOG_GENERATE_SYMBOLS = NO;
				SWIFT_APPROACHABLE_CONCURRENCY = YES;
				SWIFT_EMIT_LOC_STRINGS = NO;
				SWIFT_UPCOMING_FEATURE_MEMBER_IMPORT_VISIBILITY = YES;
				SWIFT_VERSION = 5.0;
				TEST_TARGET_NAME = iFans;
			};
			name = Debug;
		};
		8B4661062F9265EA00EAF93E /* Release */ = {
			isa = XCBuildConfiguration;
			buildSettings = {
				CODE_SIGN_STYLE = Automatic;
				CURRENT_PROJECT_VERSION = 1;
				GENERATE_INFOPLIST_FILE = YES;
				MARKETING_VERSION = 1.0;
				PRODUCT_BUNDLE_IDENTIFIER = com.sobigrice.iFansUITests;
				PRODUCT_NAME = "$(TARGET_NAME)";
				STRING_CATALOG_GENERATE_SYMBOLS = NO;
				SWIFT_APPROACHABLE_CONCURRENCY = YES;
				SWIFT_EMIT_LOC_STRINGS = NO;
				SWIFT_UPCOMING_FEATURE_MEMBER_IMPORT_VISIBILITY = YES;
				SWIFT_VERSION = 5.0;
				TEST_TARGET_NAME = iFans;
			};
			name = Release;
		};
/* End XCBuildConfiguration section */

/* Begin XCConfigurationList section */
		8B4660D82F9265E800EAF93E /* Build configuration list for PBXProject "iFans" */ = {
			isa = XCConfigurationList;
			buildConfigurations = (
				8B4660FC2F9265EA00EAF93E /* Debug */,
				8B4660FD2F9265EA00EAF93E /* Release */,
			);
			defaultConfigurationIsVisible = 0;
			defaultConfigurationName = Release;
		};
		8B4660FE2F9265EA00EAF93E /* Build configuration list for PBXNativeTarget "iFans" */ = {
			isa = XCConfigurationList;
			buildConfigurations = (
				8B4660FF2F9265EA00EAF93E /* Debug */,
				8B4661002F9265EA00EAF93E /* Release */,
			);
			defaultConfigurationIsVisible = 0;
			defaultConfigurationName = Release;
		};
		8B4661012F9265EA00EAF93E /* Build configuration list for PBXNativeTarget "iFansTests" */ = {
			isa = XCConfigurationList;
			buildConfigurations = (
				8B4661022F9265EA00EAF93E /* Debug */,
				8B4661032F9265EA00EAF93E /* Release */,
			);
			defaultConfigurationIsVisible = 0;
			defaultConfigurationName = Release;
		};
		8B4661042F9265EA00EAF93E /* Build configuration list for PBXNativeTarget "iFansUITests" */ = {
			isa = XCConfigurationList;
			buildConfigurations = (
				8B4661052F9265EA00EAF93E /* Debug */,
				8B4661062F9265EA00EAF93E /* Release */,
			);
			defaultConfigurationIsVisible = 0;
			defaultConfigurationName = Release;
		};
/* End XCConfigurationList section */
	};
	rootObject = 8B4660D52F9265E800EAF93E /* Project object */;
}
